
Microsoft Visual Studio Solution File, Format Version 12.00
# Visual Studio 15
VisualStudioVersion = 15.0.34526.175
MinimumVisualStudioVersion = 10.0.40219.1
Project("{8BC9CEB8-8B4A-11D0-8D11-00A0C91BC942}") = "curltest", "curltest\curltest.vcxproj", "{310E5DF9-0C7C-4CF2-BB20-429FBC592D8F}"
EndProject
Global
	GlobalSection(SolutionConfigurationPlatforms) = preSolution
		Debug|x64 = Debug|x64
		Debug|x86 = Debug|x86
		Release|x64 = Release|x64
		Release|x86 = Release|x86
	EndGlobalSection
	GlobalSection(ProjectConfigurationPlatforms) = postSolution
		{310E5DF9-0C7C-4CF2-BB20-429FBC592D8F}.Debug|x64.ActiveCfg = Debug|x64
		{310E5DF9-0C7C-4CF2-BB20-429FBC592D8F}.Debug|x64.Build.0 = Debug|x64
		{310E5DF9-0C7C-4CF2-BB20-429FBC592D8F}.Debug|x86.ActiveCfg = Debug|Win32
		{310E5DF9-0C7C-4CF2-BB20-429FBC592D8F}.Debug|x86.Build.0 = Debug|Win32
		{310E5DF9-0C7C-4CF2-BB20-429FBC592D8F}.Release|x64.ActiveCfg = Release|x64
		{310E5DF9-0C7C-4CF2-BB20-429FBC592D8F}.Release|x64.Build.0 = Release|x64
		{310E5DF9-0C7C-4CF2-BB20-429FBC592D8F}.Release|x86.ActiveCfg = Release|Win32
		{310E5DF9-0C7C-4CF2-BB20-429FBC592D8F}.Release|x86.Build.0 = Release|Win32
	EndGlobalSection
	GlobalSection(SolutionProperties) = preSolution
		HideSolutionNode = FALSE
	EndGlobalSection
	GlobalSection(ExtensibilityGlobals) = postSolution
		SolutionGuid = {83F3ED15-AD29-47DE-9EBC-54973C25B573}
	EndGlobalSection
EndGlobal
